PODS:
  - Da (0.0.1):
    - SnapKit (~> 3.2.0)
  - SnapKit (3.2.0)

DEPENDENCIES:
  - Da (from `../`)
  - SnapKit (~> 3.2.0)

EXTERNAL SOURCES:
  Da:
    :path: "../"

SPEC CHECKSUMS:
  Da: 2a885c59c972966f9110c9caeda9d3063da2a6c9
  SnapKit: 1ca44df72cfa543218d177cb8aab029d10d86ea7

PODFILE CHECKSUM: 89d8457da73b46ddc69be66e8e2abbd3cf16bc64

COCOAPODS: 1.2.0
