PODS:
  - Da (0.0.3):
    - SnapKit (~> 3.2.0)
  - SnapKit (3.2.0)

DEPENDENCIES:
  - Da (from `../`)

EXTERNAL SOURCES:
  Da:
    :path: "../"

SPEC CHECKSUMS:
  Da: 63564153c9226eb06573127310ca3954f243daff
  SnapKit: 1ca44df72cfa543218d177cb8aab029d10d86ea7

PODFILE CHECKSUM: 44fd6796636586f435d019bb0c8faa5f072564ed

COCOAPODS: 1.2.0
